# This file is automatically @generated by Cargo.
# It is not intended for manual editing.
version = 3

[[package]]
name = "dev"
version = "0.1.0"
dependencies = [
 "scuttle",
]

[[package]]
name = "scuttle"
version = "0.1.0"
source = "git+https://github.com/Zolmok/scuttle?branch=main#1d7d3f19919b3082b27501c82d30c04499694a23"
