# This file is automatically @generated by Cargo.
# It is not intended for manual editing.
version = 3

[[package]]
name = "dev"
version = "0.1.0"
dependencies = [
 "scuttle",
]

[[package]]
name = "scuttle"
version = "0.1.0"
source = "git+https://github.com/socketwiz/scuttle?branch=main#519c09d45046a76f50902afc25595ca5fb728a66"
